
Microsoft Visual Studio Solution File, Format Version 12.00
# Visual Studio Version 17
VisualStudioVersion = 17.7.33913.275
MinimumVisualStudioVersion = 10.0.40219.1
Project("{9A19103F-16F7-4668-BE54-9A1E7A4F7556}") = "RainfallApi", "RainfallApi\RainfallApi.csproj", "{AC0A88FA-37E6-48F9-800E-A11448165295}"
EndProject
Project("{9A19103F-16F7-4668-BE54-9A1E7A4F7556}") = "RainfallApi.Core", "RainfallApi.Core\RainfallApi.Core.csproj", "{CA8FA8E8-19BF-4B34-A4B5-7720EF2458AD}"
EndProject
Project("{9A19103F-16F7-4668-BE54-9A1E7A4F7556}") = "RainfallApi.Application", "RainfallApi.Application\RainfallApi.Application.csproj", "{A343F9DF-FD02-469C-8271-6B4DBE2B804F}"
EndProject
Project("{9A19103F-16F7-4668-BE54-9A1E7A4F7556}") = "RainfallApi.Handler", "RainfallApi.Handler\RainfallApi.Handler.csproj", "{4869AC6A-6D87-48E9-A886-795B6991CD2A}"
EndProject
Project("{9A19103F-16F7-4668-BE54-9A1E7A4F7556}") = "RainfallApi.Infrastructure", "RainfallApi.Infrastracture\RainfallApi.Infrastructure.csproj", "{F91FFAE0-0979-47B3-93A0-5FA4C4094424}"
EndProject
Global
	GlobalSection(SolutionConfigurationPlatforms) = preSolution
		Debug|Any CPU = Debug|Any CPU
		Release|Any CPU = Release|Any CPU
	EndGlobalSection
	GlobalSection(ProjectConfigurationPlatforms) = postSolution
		{AC0A88FA-37E6-48F9-800E-A11448165295}.Debug|Any CPU.ActiveCfg = Debug|Any CPU
		{AC0A88FA-37E6-48F9-800E-A11448165295}.Debug|Any CPU.Build.0 = Debug|Any CPU
		{AC0A88FA-37E6-48F9-800E-A11448165295}.Release|Any CPU.ActiveCfg = Release|Any CPU
		{AC0A88FA-37E6-48F9-800E-A11448165295}.Release|Any CPU.Build.0 = Release|Any CPU
		{CA8FA8E8-19BF-4B34-A4B5-7720EF2458AD}.Debug|Any CPU.ActiveCfg = Debug|Any CPU
		{CA8FA8E8-19BF-4B34-A4B5-7720EF2458AD}.Debug|Any CPU.Build.0 = Debug|Any CPU
		{CA8FA8E8-19BF-4B34-A4B5-7720EF2458AD}.Release|Any CPU.ActiveCfg = Release|Any CPU
		{CA8FA8E8-19BF-4B34-A4B5-7720EF2458AD}.Release|Any CPU.Build.0 = Release|Any CPU
		{A343F9DF-FD02-469C-8271-6B4DBE2B804F}.Debug|Any CPU.ActiveCfg = Debug|Any CPU
		{A343F9DF-FD02-469C-8271-6B4DBE2B804F}.Debug|Any CPU.Build.0 = Debug|Any CPU
		{A343F9DF-FD02-469C-8271-6B4DBE2B804F}.Release|Any CPU.ActiveCfg = Release|Any CPU
		{A343F9DF-FD02-469C-8271-6B4DBE2B804F}.Release|Any CPU.Build.0 = Release|Any CPU
		{4869AC6A-6D87-48E9-A886-795B6991CD2A}.Debug|Any CPU.ActiveCfg = Debug|Any CPU
		{4869AC6A-6D87-48E9-A886-795B6991CD2A}.Debug|Any CPU.Build.0 = Debug|Any CPU
		{4869AC6A-6D87-48E9-A886-795B6991CD2A}.Release|Any CPU.ActiveCfg = Release|Any CPU
		{4869AC6A-6D87-48E9-A886-795B6991CD2A}.Release|Any CPU.Build.0 = Release|Any CPU
		{F91FFAE0-0979-47B3-93A0-5FA4C4094424}.Debug|Any CPU.ActiveCfg = Debug|Any CPU
		{F91FFAE0-0979-47B3-93A0-5FA4C4094424}.Debug|Any CPU.Build.0 = Debug|Any CPU
		{F91FFAE0-0979-47B3-93A0-5FA4C4094424}.Release|Any CPU.ActiveCfg = Release|Any CPU
		{F91FFAE0-0979-47B3-93A0-5FA4C4094424}.Release|Any CPU.Build.0 = Release|Any CPU
	EndGlobalSection
	GlobalSection(SolutionProperties) = preSolution
		HideSolutionNode = FALSE
	EndGlobalSection
	GlobalSection(ExtensibilityGlobals) = postSolution
		SolutionGuid = {6F17016D-1EDD-432E-A3E9-8694B241EDD0}
	EndGlobalSection
EndGlobal
